// !$*UTF8*$!
{
	archiveVersion = 1;
	classes = {
	};
	objectVersion = 46;
	objects = {

/* Begin PBXBuildFile section */
		527365331DCC41BF00698C7B /* QuestionFactory.m in Sources */ = {isa = PBXBuildFile; fileRef = 5273650F1DCAD85E00698C7B /* QuestionFactory.m */; };
		527365341DCC41BF00698C7B /* AdditionQuestion.m in Sources */ = {isa = PBXBuildFile; fileRef = 527364FD1DCAB4B500698C7B /* AdditionQuestion.m */; };
		527365351DCC41BF00698C7B /* QuestionManager.m in Sources */ = {isa = PBXBuildFile; fileRef = 527365121DCAD89000698C7B /* QuestionManager.m */; };
		527365361DCC41BF00698C7B /* SubtractionQuestion.m in Sources */ = {isa = PBXBuildFile; fileRef = 527365001DCAB4C800698C7B /* SubtractionQuestion.m */; };
		527365371DCC41BF00698C7B /* MultiplicationQuestion.m in Sources */ = {isa = PBXBuildFile; fileRef = 527365031DCAB4DA00698C7B /* MultiplicationQuestion.m */; };
		527365381DCC41BF00698C7B /* DivisionQuestion.m in Sources */ = {isa = PBXBuildFile; fileRef = 527365061DCAB4F000698C7B /* DivisionQuestion.m */; };
		527365391DCC41BF00698C7B /* ScoreKeeper.m in Sources */ = {isa = PBXBuildFile; fileRef = 527364BF1DC97AC700698C7B /* ScoreKeeper.m */; };
		5273653A1DCC41BF00698C7B /* InputHandler.m in Sources */ = {isa = PBXBuildFile; fileRef = 527364BC1DC9723C00698C7B /* InputHandler.m */; };
		5273653B1DCC41BF00698C7B /* Question.m in Sources */ = {isa = PBXBuildFile; fileRef = 527364B91DC938BD00698C7B /* Question.m */; };
/* End PBXBuildFile section */

/* Begin PBXCopyFilesBuildPhase section */
		527364AC1DC932C600698C7B /* CopyFiles */ = {
			isa = PBXCopyFilesBuildPhase;
			buildActionMask = 2147483647;
			dstPath = /usr/share/man/man1/;
			dstSubfolderSpec = 0;
			files = (
			);
			runOnlyForDeploymentPostprocessing = 1;
		};
/* End PBXCopyFilesBuildPhase section */

/* Begin PBXFileReference section */
		527364AE1DC932C600698C7B /* Maths */ = {isa = PBXFileReference; explicitFileType = "compiled.mach-o.executable"; includeInIndex = 0; path = Maths; sourceTree = BUILT_PRODUCTS_DIR; };
		527364B11DC932C600698C7B /* main.m */ = {isa = PBXFileReference; lastKnownFileType = sourcecode.c.objc; path = main.m; sourceTree = "<group>"; };
		527364B81DC938BD00698C7B /* Question.h */ = {isa = PBXFileReference; fileEncoding = 4; lastKnownFileType = sourcecode.c.h; path = Question.h; sourceTree = "<group>"; };
		527364B91DC938BD00698C7B /* Question.m */ = {isa = PBXFileReference; fileEncoding = 4; lastKnownFileType = sourcecode.c.objc; path = Question.m; sourceTree = "<group>"; };
		527364BB1DC9723C00698C7B /* InputHandler.h */ = {isa = PBXFileReference; fileEncoding = 4; lastKnownFileType = sourcecode.c.h; path = InputHandler.h; sourceTree = "<group>"; };
		527364BC1DC9723C00698C7B /* InputHandler.m */ = {isa = PBXFileReference; fileEncoding = 4; lastKnownFileType = sourcecode.c.objc; path = InputHandler.m; sourceTree = "<group>"; };
		527364BE1DC97AC700698C7B /* ScoreKeeper.h */ = {isa = PBXFileReference; fileEncoding = 4; lastKnownFileType = sourcecode.c.h; path = ScoreKeeper.h; sourceTree = "<group>"; };
		527364BF1DC97AC700698C7B /* ScoreKeeper.m */ = {isa = PBXFileReference; fileEncoding = 4; lastKnownFileType = sourcecode.c.objc; path = ScoreKeeper.m; sourceTree = "<group>"; };
		527364FC1DCAB4B500698C7B /* AdditionQuestion.h */ = {isa = PBXFileReference; fileEncoding = 4; lastKnownFileType = sourcecode.c.h; path = AdditionQuestion.h; sourceTree = "<group>"; };
		527364FD1DCAB4B500698C7B /* AdditionQuestion.m */ = {isa = PBXFileReference; fileEncoding = 4; lastKnownFileType = sourcecode.c.objc; path = AdditionQuestion.m; sourceTree = "<group>"; };
		527364FF1DCAB4C800698C7B /* SubtractionQuestion.h */ = {isa = PBXFileReference; fileEncoding = 4; lastKnownFileType = sourcecode.c.h; path = SubtractionQuestion.h; sourceTree = "<group>"; };
		527365001DCAB4C800698C7B /* SubtractionQuestion.m */ = {isa = PBXFileReference; fileEncoding = 4; lastKnownFileType = sourcecode.c.objc; path = SubtractionQuestion.m; sourceTree = "<group>"; };
		527365021DCAB4DA00698C7B /* MultiplicationQuestion.h */ = {isa = PBXFileReference; fileEncoding = 4; lastKnownFileType = sourcecode.c.h; path = MultiplicationQuestion.h; sourceTree = "<group>"; };
		527365031DCAB4DA00698C7B /* MultiplicationQuestion.m */ = {isa = PBXFileReference; fileEncoding = 4; lastKnownFileType = sourcecode.c.objc; path = MultiplicationQuestion.m; sourceTree = "<group>"; };
		527365051DCAB4F000698C7B /* DivisionQuestion.h */ = {isa = PBXFileReference; fileEncoding = 4; lastKnownFileType = sourcecode.c.h; path = DivisionQuestion.h; sourceTree = "<group>"; };
		527365061DCAB4F000698C7B /* DivisionQuestion.m */ = {isa = PBXFileReference; fileEncoding = 4; lastKnownFileType = sourcecode.c.objc; path = DivisionQuestion.m; sourceTree = "<group>"; };
		5273650E1DCAD85E00698C7B /* QuestionFactory.h */ = {isa = PBXFileReference; fileEncoding = 4; lastKnownFileType = sourcecode.c.h; path = QuestionFactory.h; sourceTree = "<group>"; };
		5273650F1DCAD85E00698C7B /* QuestionFactory.m */ = {isa = PBXFileReference; fileEncoding = 4; lastKnownFileType = sourcecode.c.objc; path = QuestionFactory.m; sourceTree = "<group>"; };
		527365121DCAD89000698C7B /* QuestionManager.m */ = {isa = PBXFileReference; fileEncoding = 4; lastKnownFileType = sourcecode.c.objc; path = QuestionManager.m; sourceTree = "<group>"; };
		527365691DCD669000698C7B /* QuestionManager.h */ = {isa = PBXFileReference; fileEncoding = 4; lastKnownFileType = sourcecode.c.h; path = QuestionManager.h; sourceTree = "<group>"; };
/* End PBXFileReference section */

/* Begin PBXFrameworksBuildPhase section */
		527364AB1DC932C600698C7B /* Frameworks */ = {
			isa = PBXFrameworksBuildPhase;
			buildActionMask = 2147483647;
			files = (
			);
			runOnlyForDeploymentPostprocessing = 0;
		};
/* End PBXFrameworksBuildPhase section */

/* Begin PBXGroup section */
		527364A51DC932C600698C7B = {
			isa = PBXGroup;
			children = (
				527364B01DC932C600698C7B /* Maths */,
				527364AF1DC932C600698C7B /* Products */,
			);
			sourceTree = "<group>";
		};
		527364AF1DC932C600698C7B /* Products */ = {
			isa = PBXGroup;
			children = (
				527364AE1DC932C600698C7B /* Maths */,
			);
			name = Products;
			sourceTree = "<group>";
		};
		527364B01DC932C600698C7B /* Maths */ = {
			isa = PBXGroup;
			children = (
				527365691DCD669000698C7B /* QuestionManager.h */,
				527364B11DC932C600698C7B /* main.m */,
				527364FC1DCAB4B500698C7B /* AdditionQuestion.h */,
				5273650E1DCAD85E00698C7B /* QuestionFactory.h */,
				5273650F1DCAD85E00698C7B /* QuestionFactory.m */,
				527364FD1DCAB4B500698C7B /* AdditionQuestion.m */,
				527364FF1DCAB4C800698C7B /* SubtractionQuestion.h */,
				527365121DCAD89000698C7B /* QuestionManager.m */,
				527365001DCAB4C800698C7B /* SubtractionQuestion.m */,
				527365021DCAB4DA00698C7B /* MultiplicationQuestion.h */,
				527365031DCAB4DA00698C7B /* MultiplicationQuestion.m */,
				527365051DCAB4F000698C7B /* DivisionQuestion.h */,
				527365061DCAB4F000698C7B /* DivisionQuestion.m */,
				527364BE1DC97AC700698C7B /* ScoreKeeper.h */,
				527364BF1DC97AC700698C7B /* ScoreKeeper.m */,
				527364BB1DC9723C00698C7B /* InputHandler.h */,
				527364BC1DC9723C00698C7B /* InputHandler.m */,
				527364B81DC938BD00698C7B /* Question.h */,
				527364B91DC938BD00698C7B /* Question.m */,
			);
			path = Maths;
			sourceTree = "<group>";
		};
/* End PBXGroup section */

/* Begin PBXNativeTarget section */
		527364AD1DC932C600698C7B /* Maths */ = {
			isa = PBXNativeTarget;
			buildConfigurationList = 527364B51DC932C600698C7B /* Build configuration list for PBXNativeTarget "Maths" */;
			buildPhases = (
				527364AA1DC932C600698C7B /* Sources */,
				527364AB1DC932C600698C7B /* Frameworks */,
				527364AC1DC932C600698C7B /* CopyFiles */,
			);
			buildRules = (
			);
			dependencies = (
			);
			name = Maths;
			productName = Maths;
			productReference = 527364AE1DC932C600698C7B /* Maths */;
			productType = "com.apple.product-type.tool";
		};
/* End PBXNativeTarget section */

/* Begin PBXProject section */
		527364A61DC932C600698C7B /* Project object */ = {
			isa = PBXProject;
			attributes = {
				LastUpgradeCheck = 0810;
				ORGANIZATIONNAME = "Justine Herman";
				TargetAttributes = {
					527364AD1DC932C600698C7B = {
						CreatedOnToolsVersion = 8.1;
						ProvisioningStyle = Automatic;
					};
				};
			};
			buildConfigurationList = 527364A91DC932C600698C7B /* Build configuration list for PBXProject "Maths" */;
			compatibilityVersion = "Xcode 3.2";
			developmentRegion = English;
			hasScannedForEncodings = 0;
			knownRegions = (
				en,
			);
			mainGroup = 527364A51DC932C600698C7B;
			productRefGroup = 527364AF1DC932C600698C7B /* Products */;
			projectDirPath = "";
			projectRoot = "";
			targets = (
				527364AD1DC932C600698C7B /* Maths */,
			);
		};
/* End PBXProject section */

/* Begin PBXSourcesBuildPhase section */
		527364AA1DC932C600698C7B /* Sources */ = {
			isa = PBXSourcesBuildPhase;
			buildActionMask = 2147483647;
			files = (
				527365331DCC41BF00698C7B /* QuestionFactory.m in Sources */,
				527365341DCC41BF00698C7B /* AdditionQuestion.m in Sources */,
				527365351DCC41BF00698C7B /* QuestionManager.m in Sources */,
				527365361DCC41BF00698C7B /* SubtractionQuestion.m in Sources */,
				527365371DCC41BF00698C7B /* MultiplicationQuestion.m in Sources */,
				527365381DCC41BF00698C7B /* DivisionQuestion.m in Sources */,
				527365391DCC41BF00698C7B /* ScoreKeeper.m in Sources */,
				5273653A1DCC41BF00698C7B /* InputHandler.m in Sources */,
				5273653B1DCC41BF00698C7B /* Question.m in Sources */,
			);
			runOnlyForDeploymentPostprocessing = 0;
		};
/* End PBXSourcesBuildPhase section */

/* Begin XCBuildConfiguration section */
		527364B31DC932C600698C7B /* Debug */ = {
			isa = XCBuildConfiguration;
			buildSettings = {
				ALWAYS_SEARCH_USER_PATHS = NO;
				CLANG_ANALYZER_NONNULL = YES;
				CLANG_CXX_LANGUAGE_STANDARD = "gnu++0x";
				CLANG_CXX_LIBRARY = "libc++";
				CLANG_ENABLE_MODULES = YES;
				CLANG_ENABLE_OBJC_ARC = YES;
				CLANG_WARN_BOOL_CONVERSION = YES;
				CLANG_WARN_CONSTANT_CONVERSION = YES;
				CLANG_WARN_DIRECT_OBJC_ISA_USAGE = YES_ERROR;
				CLANG_WARN_DOCUMENTATION_COMMENTS = YES;
				CLANG_WARN_EMPTY_BODY = YES;
				CLANG_WARN_ENUM_CONVERSION = YES;
				CLANG_WARN_INFINITE_RECURSION = YES;
				CLANG_WARN_INT_CONVERSION = YES;
				CLANG_WARN_OBJC_ROOT_CLASS = YES_ERROR;
				CLANG_WARN_SUSPICIOUS_MOVES = YES;
				CLANG_WARN_UNREACHABLE_CODE = YES;
				CLANG_WARN__DUPLICATE_METHOD_MATCH = YES;
				CODE_SIGN_IDENTITY = "-";
				COPY_PHASE_STRIP = NO;
				DEBUG_INFORMATION_FORMAT = dwarf;
				ENABLE_STRICT_OBJC_MSGSEND = YES;
				ENABLE_TESTABILITY = YES;
				GCC_C_LANGUAGE_STANDARD = gnu99;
				GCC_DYNAMIC_NO_PIC = NO;
				GCC_NO_COMMON_BLOCKS = YES;
				GCC_OPTIMIZATION_LEVEL = 0;
				GCC_PREPROCESSOR_DEFINITIONS = (
					"DEBUG=1",
					"$(inherited)",
				);
				GCC_WARN_64_TO_32_BIT_CONVERSION = YES;
				GCC_WARN_ABOUT_RETURN_TYPE = YES_ERROR;
				GCC_WARN_UNDECLARED_SELECTOR = YES;
				GCC_WARN_UNINITIALIZED_AUTOS = YES_AGGRESSIVE;
				GCC_WARN_UNUSED_FUNCTION = YES;
				GCC_WARN_UNUSED_VARIABLE = YES;
				MACOSX_DEPLOYMENT_TARGET = 10.12;
				MTL_ENABLE_DEBUG_INFO = YES;
				ONLY_ACTIVE_ARCH = YES;
				SDKROOT = macosx;
			};
			name = Debug;
		};
		527364B41DC932C600698C7B /* Release */ = {
			isa = XCBuildConfiguration;
			buildSettings = {
				ALWAYS_SEARCH_USER_PATHS = NO;
				CLANG_ANALYZER_NONNULL = YES;
				CLANG_CXX_LANGUAGE_STANDARD = "gnu++0x";
				CLANG_CXX_LIBRARY = "libc++";
				CLANG_ENABLE_MODULES = YES;
				CLANG_ENABLE_OBJC_ARC = YES;
				CLANG_WARN_BOOL_CONVERSION = YES;
				CLANG_WARN_CONSTANT_CONVERSION = YES;
				CLANG_WARN_DIRECT_OBJC_ISA_USAGE = YES_ERROR;
				CLANG_WARN_DOCUMENTATION_COMMENTS = YES;
				CLANG_WARN_EMPTY_BODY = YES;
				CLANG_WARN_ENUM_CONVERSION = YES;
				CLANG_WARN_INFINITE_RECURSION = YES;
				CLANG_WARN_INT_CONVERSION = YES;
				CLANG_WARN_OBJC_ROOT_CLASS = YES_ERROR;
				CLANG_WARN_SUSPICIOUS_MOVES = YES;
				CLANG_WARN_UNREACHABLE_CODE = YES;
				CLANG_WARN__DUPLICATE_METHOD_MATCH = YES;
				CODE_SIGN_IDENTITY = "-";
				COPY_PHASE_STRIP = NO;
				DEBUG_INFORMATION_FORMAT = "dwarf-with-dsym";
				ENABLE_NS_ASSERTIONS = NO;
				ENABLE_STRICT_OBJC_MSGSEND = YES;
				GCC_C_LANGUAGE_STANDARD = gnu99;
				GCC_NO_COMMON_BLOCKS = YES;
				GCC_WARN_64_TO_32_BIT_CONVERSION = YES;
				GCC_WARN_ABOUT_RETURN_TYPE = YES_ERROR;
				GCC_WARN_UNDECLARED_SELECTOR = YES;
				GCC_WARN_UNINITIALIZED_AUTOS = YES_AGGRESSIVE;
				GCC_WARN_UNUSED_FUNCTION = YES;
				GCC_WARN_UNUSED_VARIABLE = YES;
				MACOSX_DEPLOYMENT_TARGET = 10.12;
				MTL_ENABLE_DEBUG_INFO = NO;
				SDKROOT = macosx;
			};
			name = Release;
		};
		527364B61DC932C600698C7B /* Debug */ = {
			isa = XCBuildConfiguration;
			buildSettings = {
				PRODUCT_NAME = "$(TARGET_NAME)";
			};
			name = Debug;
		};
		527364B71DC932C600698C7B /* Release */ = {
			isa = XCBuildConfiguration;
			buildSettings = {
				PRODUCT_NAME = "$(TARGET_NAME)";
			};
			name = Release;
		};
/* End XCBuildConfiguration section */

/* Begin XCConfigurationList section */
		527364A91DC932C600698C7B /* Build configuration list for PBXProject "Maths" */ = {
			isa = XCConfigurationList;
			buildConfigurations = (
				527364B31DC932C600698C7B /* Debug */,
				527364B41DC932C600698C7B /* Release */,
			);
			defaultConfigurationIsVisible = 0;
			defaultConfigurationName = Release;
		};
		527364B51DC932C600698C7B /* Build configuration list for PBXNativeTarget "Maths" */ = {
			isa = XCConfigurationList;
			buildConfigurations = (
				527364B61DC932C600698C7B /* Debug */,
				527364B71DC932C600698C7B /* Release */,
			);
			defaultConfigurationIsVisible = 0;
			defaultConfigurationName = Release;
		};
/* End XCConfigurationList section */
	};
	rootObject = 527364A61DC932C600698C7B /* Project object */;
}
